
Microsoft Visual Studio Solution File, Format Version 12.00
# Visual Studio Version 17
VisualStudioVersion = 17.3.32825.248
MinimumVisualStudioVersion = 10.0.40219.1
Project("{FAE04EC0-301F-11D3-BF4B-00C04F79EFBC}") = "WeatherApp.Android", "WeatherApp\WeatherApp.Android\WeatherApp.Android.csproj", "{8E4E944E-E5D9-49C2-8AA6-85FD5504B555}"
EndProject
Project("{FAE04EC0-301F-11D3-BF4B-00C04F79EFBC}") = "WeatherApp.iOS", "WeatherApp\WeatherApp.iOS\WeatherApp.iOS.csproj", "{A9C61DE6-B84A-444D-8954-4FBC5D4209B3}"
EndProject
Project("{FAE04EC0-301F-11D3-BF4B-00C04F79EFBC}") = "WeatherApp", "WeatherApp\WeatherApp\WeatherApp.csproj", "{F3B3D0A2-80BA-43D4-A09B-ACFA2F2BD6A9}"
EndProject
Global
	GlobalSection(SolutionConfigurationPlatforms) = preSolution
		Debug|Any CPU = Debug|Any CPU
		Debug|iPhone = Debug|iPhone
		Debug|iPhoneSimulator = Debug|iPhoneSimulator
		Release|Any CPU = Release|Any CPU
		Release|iPhone = Release|iPhone
		Release|iPhoneSimulator = Release|iPhoneSimulator
	EndGlobalSection
	GlobalSection(ProjectConfigurationPlatforms) = postSolution
		{8E4E944E-E5D9-49C2-8AA6-85FD5504B555}.Debug|Any CPU.ActiveCfg = Debug|Any CPU
		{8E4E944E-E5D9-49C2-8AA6-85FD5504B555}.Debug|Any CPU.Build.0 = Debug|Any CPU
		{8E4E944E-E5D9-49C2-8AA6-85FD5504B555}.Debug|Any CPU.Deploy.0 = Debug|Any CPU
		{8E4E944E-E5D9-49C2-8AA6-85FD5504B555}.Debug|iPhone.ActiveCfg = Debug|Any CPU
		{8E4E944E-E5D9-49C2-8AA6-85FD5504B555}.Debug|iPhone.Build.0 = Debug|Any CPU
		{8E4E944E-E5D9-49C2-8AA6-85FD5504B555}.Debug|iPhone.Deploy.0 = Debug|Any CPU
		{8E4E944E-E5D9-49C2-8AA6-85FD5504B555}.Debug|iPhoneSimulator.ActiveCfg = Debug|Any CPU
		{8E4E944E-E5D9-49C2-8AA6-85FD5504B555}.Debug|iPhoneSimulator.Build.0 = Debug|Any CPU
		{8E4E944E-E5D9-49C2-8AA6-85FD5504B555}.Debug|iPhoneSimulator.Deploy.0 = Debug|Any CPU
		{8E4E944E-E5D9-49C2-8AA6-85FD5504B555}.Release|Any CPU.ActiveCfg = Release|Any CPU
		{8E4E944E-E5D9-49C2-8AA6-85FD5504B555}.Release|Any CPU.Build.0 = Release|Any CPU
		{8E4E944E-E5D9-49C2-8AA6-85FD5504B555}.Release|Any CPU.Deploy.0 = Release|Any CPU
		{8E4E944E-E5D9-49C2-8AA6-85FD5504B555}.Release|iPhone.ActiveCfg = Release|Any CPU
		{8E4E944E-E5D9-49C2-8AA6-85FD5504B555}.Release|iPhone.Build.0 = Release|Any CPU
		{8E4E944E-E5D9-49C2-8AA6-85FD5504B555}.Release|iPhone.Deploy.0 = Release|Any CPU
		{8E4E944E-E5D9-49C2-8AA6-85FD5504B555}.Release|iPhoneSimulator.ActiveCfg = Release|Any CPU
		{8E4E944E-E5D9-49C2-8AA6-85FD5504B555}.Release|iPhoneSimulator.Build.0 = Release|Any CPU
		{8E4E944E-E5D9-49C2-8AA6-85FD5504B555}.Release|iPhoneSimulator.Deploy.0 = Release|Any CPU
		{A9C61DE6-B84A-444D-8954-4FBC5D4209B3}.Debug|Any CPU.ActiveCfg = Debug|iPhone
		{A9C61DE6-B84A-444D-8954-4FBC5D4209B3}.Debug|Any CPU.Build.0 = Debug|iPhone
		{A9C61DE6-B84A-444D-8954-4FBC5D4209B3}.Debug|Any CPU.Deploy.0 = Debug|iPhone
		{A9C61DE6-B84A-444D-8954-4FBC5D4209B3}.Debug|iPhone.ActiveCfg = Debug|iPhone
		{A9C61DE6-B84A-444D-8954-4FBC5D4209B3}.Debug|iPhone.Build.0 = Debug|iPhone
		{A9C61DE6-B84A-444D-8954-4FBC5D4209B3}.Debug|iPhone.Deploy.0 = Debug|iPhone
		{A9C61DE6-B84A-444D-8954-4FBC5D4209B3}.Debug|iPhoneSimulator.ActiveCfg = Debug|iPhoneSimulator
		{A9C61DE6-B84A-444D-8954-4FBC5D4209B3}.Debug|iPhoneSimulator.Build.0 = Debug|iPhoneSimulator
		{A9C61DE6-B84A-444D-8954-4FBC5D4209B3}.Debug|iPhoneSimulator.Deploy.0 = Debug|iPhoneSimulator
		{A9C61DE6-B84A-444D-8954-4FBC5D4209B3}.Release|Any CPU.ActiveCfg = Release|iPhoneSimulator
		{A9C61DE6-B84A-444D-8954-4FBC5D4209B3}.Release|Any CPU.Build.0 = Release|iPhoneSimulator
		{A9C61DE6-B84A-444D-8954-4FBC5D4209B3}.Release|Any CPU.Deploy.0 = Release|iPhoneSimulator
		{A9C61DE6-B84A-444D-8954-4FBC5D4209B3}.Release|iPhone.ActiveCfg = Release|iPhone
		{A9C61DE6-B84A-444D-8954-4FBC5D4209B3}.Release|iPhone.Build.0 = Release|iPhone
		{A9C61DE6-B84A-444D-8954-4FBC5D4209B3}.Release|iPhone.Deploy.0 = Release|iPhone
		{A9C61DE6-B84A-444D-8954-4FBC5D4209B3}.Release|iPhoneSimulator.ActiveCfg = Release|iPhoneSimulator
		{A9C61DE6-B84A-444D-8954-4FBC5D4209B3}.Release|iPhoneSimulator.Build.0 = Release|iPhoneSimulator
		{A9C61DE6-B84A-444D-8954-4FBC5D4209B3}.Release|iPhoneSimulator.Deploy.0 = Release|iPhoneSimulator
		{F3B3D0A2-80BA-43D4-A09B-ACFA2F2BD6A9}.Debug|Any CPU.ActiveCfg = Debug|Any CPU
		{F3B3D0A2-80BA-43D4-A09B-ACFA2F2BD6A9}.Debug|Any CPU.Build.0 = Debug|Any CPU
		{F3B3D0A2-80BA-43D4-A09B-ACFA2F2BD6A9}.Debug|Any CPU.Deploy.0 = Debug|Any CPU
		{F3B3D0A2-80BA-43D4-A09B-ACFA2F2BD6A9}.Debug|iPhone.ActiveCfg = Debug|Any CPU
		{F3B3D0A2-80BA-43D4-A09B-ACFA2F2BD6A9}.Debug|iPhone.Build.0 = Debug|Any CPU
		{F3B3D0A2-80BA-43D4-A09B-ACFA2F2BD6A9}.Debug|iPhone.Deploy.0 = Debug|Any CPU
		{F3B3D0A2-80BA-43D4-A09B-ACFA2F2BD6A9}.Debug|iPhoneSimulator.ActiveCfg = Debug|Any CPU
		{F3B3D0A2-80BA-43D4-A09B-ACFA2F2BD6A9}.Debug|iPhoneSimulator.Build.0 = Debug|Any CPU
		{F3B3D0A2-80BA-43D4-A09B-ACFA2F2BD6A9}.Debug|iPhoneSimulator.Deploy.0 = Debug|Any CPU
		{F3B3D0A2-80BA-43D4-A09B-ACFA2F2BD6A9}.Release|Any CPU.ActiveCfg = Release|Any CPU
		{F3B3D0A2-80BA-43D4-A09B-ACFA2F2BD6A9}.Release|Any CPU.Build.0 = Release|Any CPU
		{F3B3D0A2-80BA-43D4-A09B-ACFA2F2BD6A9}.Release|Any CPU.Deploy.0 = Release|Any CPU
		{F3B3D0A2-80BA-43D4-A09B-ACFA2F2BD6A9}.Release|iPhone.ActiveCfg = Release|Any CPU
		{F3B3D0A2-80BA-43D4-A09B-ACFA2F2BD6A9}.Release|iPhone.Build.0 = Release|Any CPU
		{F3B3D0A2-80BA-43D4-A09B-ACFA2F2BD6A9}.Release|iPhone.Deploy.0 = Release|Any CPU
		{F3B3D0A2-80BA-43D4-A09B-ACFA2F2BD6A9}.Release|iPhoneSimulator.ActiveCfg = Release|Any CPU
		{F3B3D0A2-80BA-43D4-A09B-ACFA2F2BD6A9}.Release|iPhoneSimulator.Build.0 = Release|Any CPU
		{F3B3D0A2-80BA-43D4-A09B-ACFA2F2BD6A9}.Release|iPhoneSimulator.Deploy.0 = Release|Any CPU
	EndGlobalSection
	GlobalSection(SolutionProperties) = preSolution
		HideSolutionNode = FALSE
	EndGlobalSection
	GlobalSection(ExtensibilityGlobals) = postSolution
		SolutionGuid = {FBF1B045-FB29-4C5F-9C77-B94A5E2F31E8}
	EndGlobalSection
EndGlobal
